
Microsoft Visual Studio Solution File, Format Version 12.00
# Visual Studio Version 17
VisualStudioVersion = 17.2.32616.157
MinimumVisualStudioVersion = 10.0.40219.1
Project("{2150E333-8FDC-42A3-9474-1A3956D46DE8}") = "Services", "Services", "{265EC9E5-2D13-4A15-A8EE-5C76A3276133}"
EndProject
Project("{2150E333-8FDC-42A3-9474-1A3956D46DE8}") = "Catalog", "Catalog", "{EC4D7647-E842-4522-B8E3-B62C4200773A}"
EndProject
Project("{9A19103F-16F7-4668-BE54-9A1E7A4F7556}") = "Catalog.api", "Services\Catalog\Catalog.api\Catalog.api.csproj", "{00A57FD5-063E-4265-82DB-1FFBC6C44F9F}"
EndProject
Project("{E53339B2-1760-4266-BCC7-CA923CBCF16C}") = "docker-compose", "docker-compose.dcproj", "{394C8E8F-7EB3-4E3B-A0AD-5F4EEE81F6BC}"
EndProject
Project("{2150E333-8FDC-42A3-9474-1A3956D46DE8}") = "Basket", "Basket", "{BD78C9DC-8303-408D-835B-B1052EEAA1FD}"
EndProject
Project("{9A19103F-16F7-4668-BE54-9A1E7A4F7556}") = "Basket.API", "Services\Basket\Basket.API\Basket.API.csproj", "{5E6304A2-6BC0-482E-BFA0-46079A2D22E2}"
EndProject
Project("{2150E333-8FDC-42A3-9474-1A3956D46DE8}") = "Discount", "Discount", "{E5F073E4-72EE-47ED-BE70-BC07A420C212}"
EndProject
Project("{9A19103F-16F7-4668-BE54-9A1E7A4F7556}") = "Discount.API", "Services\Discount\Discount.API\Discount.API.csproj", "{D0962569-BE95-44CA-9167-DA9E655633E7}"
EndProject
Project("{9A19103F-16F7-4668-BE54-9A1E7A4F7556}") = "Discount.Grpc", "Services\Discount\Discount.Grpc\Discount.Grpc.csproj", "{F76F4038-EEAB-4617-B789-5AF17E5E160E}"
EndProject
Project("{2150E333-8FDC-42A3-9474-1A3956D46DE8}") = "Ordering", "Ordering", "{A375BE98-A832-4F56-9B51-240DC317AE82}"
EndProject
Project("{9A19103F-16F7-4668-BE54-9A1E7A4F7556}") = "Ordering.API", "Services\Ordering\Ordering.API\Ordering.API.csproj", "{2922941E-804A-47AA-854C-AB1D2EA1D646}"
EndProject
Project("{9A19103F-16F7-4668-BE54-9A1E7A4F7556}") = "Ordering.Domain", "Services\Ordering\Ordering.Domain\Ordering.Domain.csproj", "{7E790221-44DC-4726-B1F7-2F4A90A71455}"
EndProject
Project("{9A19103F-16F7-4668-BE54-9A1E7A4F7556}") = "Ordering.Application", "Services\Ordering\Ordering.Application\Ordering.Application.csproj", "{7586837D-46E7-4729-A3F4-3115B0375E5B}"
EndProject
Project("{9A19103F-16F7-4668-BE54-9A1E7A4F7556}") = "Ordering.Infrastructrue", "Services\Ordering\Ordering.Infrastructrue\Ordering.Infrastructrue.csproj", "{44B7306A-B7F6-437C-A923-404733E5D3F3}"
EndProject
Project("{2150E333-8FDC-42A3-9474-1A3956D46DE8}") = "BuildingBlocks", "BuildingBlocks", "{0ABAAE5E-5CB3-461D-A40D-066716D1DAC6}"
EndProject
Project("{9A19103F-16F7-4668-BE54-9A1E7A4F7556}") = "EventBus.Messages", "BuildingBlocks\EventBus.Messages\EventBus.Messages.csproj", "{F76D48FB-B387-4E76-9124-8A7FBD7D6790}"
EndProject
Project("{2150E333-8FDC-42A3-9474-1A3956D46DE8}") = "ApiGateways", "ApiGateways", "{B4C5E871-823E-42CA-B7FB-EA7BCDE0B74C}"
EndProject
Project("{FAE04EC0-301F-11D3-BF4B-00C04F79EFBC}") = "OcelotApiGw", "ApiGateways\OcelotApiGw\OcelotApiGw.csproj", "{F0ED5576-0B3F-42BA-8971-F4B0E78BBBCF}"
EndProject
Global
	GlobalSection(SolutionConfigurationPlatforms) = preSolution
		Debug|Any CPU = Debug|Any CPU
		Release|Any CPU = Release|Any CPU
	EndGlobalSection
	GlobalSection(ProjectConfigurationPlatforms) = postSolution
		{00A57FD5-063E-4265-82DB-1FFBC6C44F9F}.Debug|Any CPU.ActiveCfg = Debug|Any CPU
		{00A57FD5-063E-4265-82DB-1FFBC6C44F9F}.Debug|Any CPU.Build.0 = Debug|Any CPU
		{00A57FD5-063E-4265-82DB-1FFBC6C44F9F}.Release|Any CPU.ActiveCfg = Release|Any CPU
		{00A57FD5-063E-4265-82DB-1FFBC6C44F9F}.Release|Any CPU.Build.0 = Release|Any CPU
		{394C8E8F-7EB3-4E3B-A0AD-5F4EEE81F6BC}.Debug|Any CPU.ActiveCfg = Debug|Any CPU
		{394C8E8F-7EB3-4E3B-A0AD-5F4EEE81F6BC}.Debug|Any CPU.Build.0 = Debug|Any CPU
		{394C8E8F-7EB3-4E3B-A0AD-5F4EEE81F6BC}.Release|Any CPU.ActiveCfg = Release|Any CPU
		{394C8E8F-7EB3-4E3B-A0AD-5F4EEE81F6BC}.Release|Any CPU.Build.0 = Release|Any CPU
		{5E6304A2-6BC0-482E-BFA0-46079A2D22E2}.Debug|Any CPU.ActiveCfg = Debug|Any CPU
		{5E6304A2-6BC0-482E-BFA0-46079A2D22E2}.Debug|Any CPU.Build.0 = Debug|Any CPU
		{5E6304A2-6BC0-482E-BFA0-46079A2D22E2}.Release|Any CPU.ActiveCfg = Release|Any CPU
		{5E6304A2-6BC0-482E-BFA0-46079A2D22E2}.Release|Any CPU.Build.0 = Release|Any CPU
		{D0962569-BE95-44CA-9167-DA9E655633E7}.Debug|Any CPU.ActiveCfg = Debug|Any CPU
		{D0962569-BE95-44CA-9167-DA9E655633E7}.Debug|Any CPU.Build.0 = Debug|Any CPU
		{D0962569-BE95-44CA-9167-DA9E655633E7}.Release|Any CPU.ActiveCfg = Release|Any CPU
		{D0962569-BE95-44CA-9167-DA9E655633E7}.Release|Any CPU.Build.0 = Release|Any CPU
		{F76F4038-EEAB-4617-B789-5AF17E5E160E}.Debug|Any CPU.ActiveCfg = Debug|Any CPU
		{F76F4038-EEAB-4617-B789-5AF17E5E160E}.Debug|Any CPU.Build.0 = Debug|Any CPU
		{F76F4038-EEAB-4617-B789-5AF17E5E160E}.Release|Any CPU.ActiveCfg = Release|Any CPU
		{F76F4038-EEAB-4617-B789-5AF17E5E160E}.Release|Any CPU.Build.0 = Release|Any CPU
		{2922941E-804A-47AA-854C-AB1D2EA1D646}.Debug|Any CPU.ActiveCfg = Debug|Any CPU
		{2922941E-804A-47AA-854C-AB1D2EA1D646}.Debug|Any CPU.Build.0 = Debug|Any CPU
		{2922941E-804A-47AA-854C-AB1D2EA1D646}.Release|Any CPU.ActiveCfg = Release|Any CPU
		{2922941E-804A-47AA-854C-AB1D2EA1D646}.Release|Any CPU.Build.0 = Release|Any CPU
		{7E790221-44DC-4726-B1F7-2F4A90A71455}.Debug|Any CPU.ActiveCfg = Debug|Any CPU
		{7E790221-44DC-4726-B1F7-2F4A90A71455}.Debug|Any CPU.Build.0 = Debug|Any CPU
		{7E790221-44DC-4726-B1F7-2F4A90A71455}.Release|Any CPU.ActiveCfg = Release|Any CPU
		{7E790221-44DC-4726-B1F7-2F4A90A71455}.Release|Any CPU.Build.0 = Release|Any CPU
		{7586837D-46E7-4729-A3F4-3115B0375E5B}.Debug|Any CPU.ActiveCfg = Debug|Any CPU
		{7586837D-46E7-4729-A3F4-3115B0375E5B}.Debug|Any CPU.Build.0 = Debug|Any CPU
		{7586837D-46E7-4729-A3F4-3115B0375E5B}.Release|Any CPU.ActiveCfg = Release|Any CPU
		{7586837D-46E7-4729-A3F4-3115B0375E5B}.Release|Any CPU.Build.0 = Release|Any CPU
		{44B7306A-B7F6-437C-A923-404733E5D3F3}.Debug|Any CPU.ActiveCfg = Debug|Any CPU
		{44B7306A-B7F6-437C-A923-404733E5D3F3}.Debug|Any CPU.Build.0 = Debug|Any CPU
		{44B7306A-B7F6-437C-A923-404733E5D3F3}.Release|Any CPU.ActiveCfg = Release|Any CPU
		{44B7306A-B7F6-437C-A923-404733E5D3F3}.Release|Any CPU.Build.0 = Release|Any CPU
		{F76D48FB-B387-4E76-9124-8A7FBD7D6790}.Debug|Any CPU.ActiveCfg = Debug|Any CPU
		{F76D48FB-B387-4E76-9124-8A7FBD7D6790}.Debug|Any CPU.Build.0 = Debug|Any CPU
		{F76D48FB-B387-4E76-9124-8A7FBD7D6790}.Release|Any CPU.ActiveCfg = Release|Any CPU
		{F76D48FB-B387-4E76-9124-8A7FBD7D6790}.Release|Any CPU.Build.0 = Release|Any CPU
		{F0ED5576-0B3F-42BA-8971-F4B0E78BBBCF}.Debug|Any CPU.ActiveCfg = Debug|Any CPU
		{F0ED5576-0B3F-42BA-8971-F4B0E78BBBCF}.Debug|Any CPU.Build.0 = Debug|Any CPU
		{F0ED5576-0B3F-42BA-8971-F4B0E78BBBCF}.Release|Any CPU.ActiveCfg = Release|Any CPU
		{F0ED5576-0B3F-42BA-8971-F4B0E78BBBCF}.Release|Any CPU.Build.0 = Release|Any CPU
	EndGlobalSection
	GlobalSection(SolutionProperties) = preSolution
		HideSolutionNode = FALSE
	EndGlobalSection
	GlobalSection(NestedProjects) = preSolution
		{EC4D7647-E842-4522-B8E3-B62C4200773A} = {265EC9E5-2D13-4A15-A8EE-5C76A3276133}
		{00A57FD5-063E-4265-82DB-1FFBC6C44F9F} = {EC4D7647-E842-4522-B8E3-B62C4200773A}
		{BD78C9DC-8303-408D-835B-B1052EEAA1FD} = {265EC9E5-2D13-4A15-A8EE-5C76A3276133}
		{5E6304A2-6BC0-482E-BFA0-46079A2D22E2} = {BD78C9DC-8303-408D-835B-B1052EEAA1FD}
		{E5F073E4-72EE-47ED-BE70-BC07A420C212} = {265EC9E5-2D13-4A15-A8EE-5C76A3276133}
		{D0962569-BE95-44CA-9167-DA9E655633E7} = {E5F073E4-72EE-47ED-BE70-BC07A420C212}
		{F76F4038-EEAB-4617-B789-5AF17E5E160E} = {E5F073E4-72EE-47ED-BE70-BC07A420C212}
		{A375BE98-A832-4F56-9B51-240DC317AE82} = {265EC9E5-2D13-4A15-A8EE-5C76A3276133}
		{2922941E-804A-47AA-854C-AB1D2EA1D646} = {A375BE98-A832-4F56-9B51-240DC317AE82}
		{7E790221-44DC-4726-B1F7-2F4A90A71455} = {A375BE98-A832-4F56-9B51-240DC317AE82}
		{7586837D-46E7-4729-A3F4-3115B0375E5B} = {A375BE98-A832-4F56-9B51-240DC317AE82}
		{44B7306A-B7F6-437C-A923-404733E5D3F3} = {A375BE98-A832-4F56-9B51-240DC317AE82}
		{F76D48FB-B387-4E76-9124-8A7FBD7D6790} = {0ABAAE5E-5CB3-461D-A40D-066716D1DAC6}
		{F0ED5576-0B3F-42BA-8971-F4B0E78BBBCF} = {B4C5E871-823E-42CA-B7FB-EA7BCDE0B74C}
	EndGlobalSection
	GlobalSection(ExtensibilityGlobals) = postSolution
		SolutionGuid = {8E5C3BA3-5452-434D-AC37-08B174A45D08}
	EndGlobalSection
EndGlobal
